// !$*UTF8*$!
{
	archiveVersion = 1;
	classes = {
	};
	objectVersion = 46;
	objects = {

/* Begin PBXBuildFile section */
		1903D4A81D7E9A7B006E7CAD /* main.m in Sources */ = {isa = PBXBuildFile; fileRef = 1903D4A71D7E9A7B006E7CAD /* main.m */; };
		1903D4AB1D7E9A7B006E7CAD /* AppDelegate.m in Sources */ = {isa = PBXBuildFile; fileRef = 1903D4AA1D7E9A7B006E7CAD /* AppDelegate.m */; };
		1903D4AE1D7E9A7B006E7CAD /* ViewController.m in Sources */ = {isa = PBXBuildFile; fileRef = 1903D4AD1D7E9A7B006E7CAD /* ViewController.m */; };
		1903D4B11D7E9A7B006E7CAD /* Main.storyboard in Resources */ = {isa = PBXBuildFile; fileRef = 1903D4AF1D7E9A7B006E7CAD /* Main.storyboard */; };
		1903D4B31D7E9A7B006E7CAD /* Assets.xcassets in Resources */ = {isa = PBXBuildFile; fileRef = 1903D4B21D7E9A7B006E7CAD /* Assets.xcassets */; };
		1903D4B61D7E9A7B006E7CAD /* LaunchScreen.storyboard in Resources */ = {isa = PBXBuildFile; fileRef = 1903D4B41D7E9A7B006E7CAD /* LaunchScreen.storyboard */; };
		1903D4C11D7E9A7B006E7CAD /* AVFoundation_VideoTests.m in Sources */ = {isa = PBXBuildFile; fileRef = 1903D4C01D7E9A7B006E7CAD /* AVFoundation_VideoTests.m */; };
		1903D4CC1D7E9A7B006E7CAD /* AVFoundation_VideoUITests.m in Sources */ = {isa = PBXBuildFile; fileRef = 1903D4CB1D7E9A7B006E7CAD /* AVFoundation_VideoUITests.m */; };
		1903D4E21D7E9FC8006E7CAD /* AVAddWatermarkToVideo.m in Sources */ = {isa = PBXBuildFile; fileRef = 1903D4DD1D7E9FC8006E7CAD /* AVAddWatermarkToVideo.m */; };
		1903D4E31D7E9FC8006E7CAD /* AVMergeAndSaveVideo.m in Sources */ = {isa = PBXBuildFile; fileRef = 1903D4DF1D7E9FC8006E7CAD /* AVMergeAndSaveVideo.m */; };
		1903D4E41D7E9FC8006E7CAD /* AVSyntheticVideoManager.m in Sources */ = {isa = PBXBuildFile; fileRef = 1903D4E11D7E9FC8006E7CAD /* AVSyntheticVideoManager.m */; };
		1903D4EC1D7EA80C006E7CAD /* IMG_01.jpg in Resources */ = {isa = PBXBuildFile; fileRef = 1903D4E61D7EA80C006E7CAD /* IMG_01.jpg */; };
		1903D4ED1D7EA80C006E7CAD /* IMG_02.jpg in Resources */ = {isa = PBXBuildFile; fileRef = 1903D4E71D7EA80C006E7CAD /* IMG_02.jpg */; };
		1903D4EE1D7EA80C006E7CAD /* IMG_03.jpg in Resources */ = {isa = PBXBuildFile; fileRef = 1903D4E81D7EA80C006E7CAD /* IMG_03.jpg */; };
		1903D4EF1D7EA80C006E7CAD /* IMG_04.jpg in Resources */ = {isa = PBXBuildFile; fileRef = 1903D4E91D7EA80C006E7CAD /* IMG_04.jpg */; };
		1903D4F01D7EA80C006E7CAD /* IMG_05.jpg in Resources */ = {isa = PBXBuildFile; fileRef = 1903D4EA1D7EA80C006E7CAD /* IMG_05.jpg */; };
		1903D4F11D7EA80C006E7CAD /* IMG_06.jpg in Resources */ = {isa = PBXBuildFile; fileRef = 1903D4EB1D7EA80C006E7CAD /* IMG_06.jpg */; };
		1903D4F31D7EA9CD006E7CAD /* firstPage.png in Resources */ = {isa = PBXBuildFile; fileRef = 1903D4F21D7EA9CD006E7CAD /* firstPage.png */; };
		1903D4F71D7EA9FE006E7CAD /* lastPage.png in Resources */ = {isa = PBXBuildFile; fileRef = 1903D4F61D7EA9FE006E7CAD /* lastPage.png */; };
		1903D4F91D7EACD0006E7CAD /* watermark.jpeg in Resources */ = {isa = PBXBuildFile; fileRef = 1903D4F81D7EACD0006E7CAD /* watermark.jpeg */; };
/* End PBXBuildFile section */

/* Begin PBXContainerItemProxy section */
		1903D4BD1D7E9A7B006E7CAD /* PBXContainerItemProxy */ = {
			isa = PBXContainerItemProxy;
			containerPortal = 1903D49B1D7E9A7B006E7CAD /* Project object */;
			proxyType = 1;
			remoteGlobalIDString = 1903D4A21D7E9A7B006E7CAD;
			remoteInfo = "AVFoundation-Video";
		};
		1903D4C81D7E9A7B006E7CAD /* PBXContainerItemProxy */ = {
			isa = PBXContainerItemProxy;
			containerPortal = 1903D49B1D7E9A7B006E7CAD /* Project object */;
			proxyType = 1;
			remoteGlobalIDString = 1903D4A21D7E9A7B006E7CAD;
			remoteInfo = "AVFoundation-Video";
		};
/* End PBXContainerItemProxy section */

/* Begin PBXFileReference section */
		1903D4A31D7E9A7B006E7CAD /* AVFoundation-Video.app */ = {isa = PBXFileReference; explicitFileType = wrapper.application; includeInIndex = 0; path = "AVFoundation-Video.app"; sourceTree = BUILT_PRODUCTS_DIR; };
		1903D4A71D7E9A7B006E7CAD /* main.m */ = {isa = PBXFileReference; lastKnownFileType = sourcecode.c.objc; path = main.m; sourceTree = "<group>"; };
		1903D4A91D7E9A7B006E7CAD /* AppDelegate.h */ = {isa = PBXFileReference; lastKnownFileType = sourcecode.c.h; path = AppDelegate.h; sourceTree = "<group>"; };
		1903D4AA1D7E9A7B006E7CAD /* AppDelegate.m */ = {isa = PBXFileReference; lastKnownFileType = sourcecode.c.objc; path = AppDelegate.m; sourceTree = "<group>"; };
		1903D4AC1D7E9A7B006E7CAD /* ViewController.h */ = {isa = PBXFileReference; lastKnownFileType = sourcecode.c.h; path = ViewController.h; sourceTree = "<group>"; };
		1903D4AD1D7E9A7B006E7CAD /* ViewController.m */ = {isa = PBXFileReference; lastKnownFileType = sourcecode.c.objc; path = ViewController.m; sourceTree = "<group>"; };
		1903D4B01D7E9A7B006E7CAD /* Base */ = {isa = PBXFileReference; lastKnownFileType = file.storyboard; name = Base; path = Base.lproj/Main.storyboard; sourceTree = "<group>"; };
		1903D4B21D7E9A7B006E7CAD /* Assets.xcassets */ = {isa = PBXFileReference; lastKnownFileType = folder.assetcatalog; path = Assets.xcassets; sourceTree = "<group>"; };
		1903D4B51D7E9A7B006E7CAD /* Base */ = {isa = PBXFileReference; lastKnownFileType = file.storyboard; name = Base; path = Base.lproj/LaunchScreen.storyboard; sourceTree = "<group>"; };
		1903D4B71D7E9A7B006E7CAD /* Info.plist */ = {isa = PBXFileReference; lastKnownFileType = text.plist.xml; path = Info.plist; sourceTree = "<group>"; };
		1903D4BC1D7E9A7B006E7CAD /* AVFoundation-VideoTests.xctest */ = {isa = PBXFileReference; explicitFileType = wrapper.cfbundle; includeInIndex = 0; path = "AVFoundation-VideoTests.xctest"; sourceTree = BUILT_PRODUCTS_DIR; };
		1903D4C01D7E9A7B006E7CAD /* AVFoundation_VideoTests.m */ = {isa = PBXFileReference; lastKnownFileType = sourcecode.c.objc; path = AVFoundation_VideoTests.m; sourceTree = "<group>"; };
		1903D4C21D7E9A7B006E7CAD /* Info.plist */ = {isa = PBXFileReference; lastKnownFileType = text.plist.xml; path = Info.plist; sourceTree = "<group>"; };
		1903D4C71D7E9A7B006E7CAD /* AVFoundation-VideoUITests.xctest */ = {isa = PBXFileReference; explicitFileType = wrapper.cfbundle; includeInIndex = 0; path = "AVFoundation-VideoUITests.xctest"; sourceTree = BUILT_PRODUCTS_DIR; };
		1903D4CB1D7E9A7B006E7CAD /* AVFoundation_VideoUITests.m */ = {isa = PBXFileReference; lastKnownFileType = sourcecode.c.objc; path = AVFoundation_VideoUITests.m; sourceTree = "<group>"; };
		1903D4CD1D7E9A7B006E7CAD /* Info.plist */ = {isa = PBXFileReference; lastKnownFileType = text.plist.xml; path = Info.plist; sourceTree = "<group>"; };
		1903D4DC1D7E9FC8006E7CAD /* AVAddWatermarkToVideo.h */ = {isa = PBXFileReference; fileEncoding = 4; lastKnownFileType = sourcecode.c.h; path = AVAddWatermarkToVideo.h; sourceTree = "<group>"; };
		1903D4DD1D7E9FC8006E7CAD /* AVAddWatermarkToVideo.m */ = {isa = PBXFileReference; fileEncoding = 4; lastKnownFileType = sourcecode.c.objc; path = AVAddWatermarkToVideo.m; sourceTree = "<group>"; };
		1903D4DE1D7E9FC8006E7CAD /* AVMergeAndSaveVideo.h */ = {isa = PBXFileReference; fileEncoding = 4; lastKnownFileType = sourcecode.c.h; path = AVMergeAndSaveVideo.h; sourceTree = "<group>"; };
		1903D4DF1D7E9FC8006E7CAD /* AVMergeAndSaveVideo.m */ = {isa = PBXFileReference; fileEncoding = 4; lastKnownFileType = sourcecode.c.objc; path = AVMergeAndSaveVideo.m; sourceTree = "<group>"; };
		1903D4E01D7E9FC8006E7CAD /* AVSyntheticVideoManager.h */ = {isa = PBXFileReference; fileEncoding = 4; lastKnownFileType = sourcecode.c.h; path = AVSyntheticVideoManager.h; sourceTree = "<group>"; };
		1903D4E11D7E9FC8006E7CAD /* AVSyntheticVideoManager.m */ = {isa = PBXFileReference; fileEncoding = 4; lastKnownFileType = sourcecode.c.objc; path = AVSyntheticVideoManager.m; sourceTree = "<group>"; };
		1903D4E61D7EA80C006E7CAD /* IMG_01.jpg */ = {isa = PBXFileReference; lastKnownFileType = image.jpeg; path = IMG_01.jpg; sourceTree = "<group>"; };
		1903D4E71D7EA80C006E7CAD /* IMG_02.jpg */ = {isa = PBXFileReference; lastKnownFileType = image.jpeg; path = IMG_02.jpg; sourceTree = "<group>"; };
		1903D4E81D7EA80C006E7CAD /* IMG_03.jpg */ = {isa = PBXFileReference; lastKnownFileType = image.jpeg; path = IMG_03.jpg; sourceTree = "<group>"; };
		1903D4E91D7EA80C006E7CAD /* IMG_04.jpg */ = {isa = PBXFileReference; lastKnownFileType = image.jpeg; path = IMG_04.jpg; sourceTree = "<group>"; };
		1903D4EA1D7EA80C006E7CAD /* IMG_05.jpg */ = {isa = PBXFileReference; lastKnownFileType = image.jpeg; path = IMG_05.jpg; sourceTree = "<group>"; };
		1903D4EB1D7EA80C006E7CAD /* IMG_06.jpg */ = {isa = PBXFileReference; lastKnownFileType = image.jpeg; path = IMG_06.jpg; sourceTree = "<group>"; };
		1903D4F21D7EA9CD006E7CAD /* firstPage.png */ = {isa = PBXFileReference; lastKnownFileType = image.png; path = firstPage.png; sourceTree = "<group>"; };
		1903D4F61D7EA9FE006E7CAD /* lastPage.png */ = {isa = PBXFileReference; lastKnownFileType = image.png; path = lastPage.png; sourceTree = "<group>"; };
		1903D4F81D7EACD0006E7CAD /* watermark.jpeg */ = {isa = PBXFileReference; lastKnownFileType = image.jpeg; path = watermark.jpeg; sourceTree = "<group>"; };
/* End PBXFileReference section */

/* Begin PBXFrameworksBuildPhase section */
		1903D4A01D7E9A7B006E7CAD /* Frameworks */ = {
			isa = PBXFrameworksBuildPhase;
			buildActionMask = 2147483647;
			files = (
			);
			runOnlyForDeploymentPostprocessing = 0;
		};
		1903D4B91D7E9A7B006E7CAD /* Frameworks */ = {
			isa = PBXFrameworksBuildPhase;
			buildActionMask = 2147483647;
			files = (
			);
			runOnlyForDeploymentPostprocessing = 0;
		};
		1903D4C41D7E9A7B006E7CAD /* Frameworks */ = {
			isa = PBXFrameworksBuildPhase;
			buildActionMask = 2147483647;
			files = (
			);
			runOnlyForDeploymentPostprocessing = 0;
		};
/* End PBXFrameworksBuildPhase section */

/* Begin PBXGroup section */
		1903D49A1D7E9A7B006E7CAD = {
			isa = PBXGroup;
			children = (
				1903D4E51D7EA7A7006E7CAD /* Resources */,
				1903D4DB1D7E9FC8006E7CAD /* VideoManager */,
				1903D4A51D7E9A7B006E7CAD /* AVFoundation-Video */,
				1903D4BF1D7E9A7B006E7CAD /* AVFoundation-VideoTests */,
				1903D4CA1D7E9A7B006E7CAD /* AVFoundation-VideoUITests */,
				1903D4A41D7E9A7B006E7CAD /* Products */,
			);
			sourceTree = "<group>";
		};
		1903D4A41D7E9A7B006E7CAD /* Products */ = {
			isa = PBXGroup;
			children = (
				1903D4A31D7E9A7B006E7CAD /* AVFoundation-Video.app */,
				1903D4BC1D7E9A7B006E7CAD /* AVFoundation-VideoTests.xctest */,
				1903D4C71D7E9A7B006E7CAD /* AVFoundation-VideoUITests.xctest */,
			);
			name = Products;
			sourceTree = "<group>";
		};
		1903D4A51D7E9A7B006E7CAD /* AVFoundation-Video */ = {
			isa = PBXGroup;
			children = (
				1903D4A91D7E9A7B006E7CAD /* AppDelegate.h */,
				1903D4AA1D7E9A7B006E7CAD /* AppDelegate.m */,
				1903D4AC1D7E9A7B006E7CAD /* ViewController.h */,
				1903D4AD1D7E9A7B006E7CAD /* ViewController.m */,
				1903D4AF1D7E9A7B006E7CAD /* Main.storyboard */,
				1903D4B21D7E9A7B006E7CAD /* Assets.xcassets */,
				1903D4B41D7E9A7B006E7CAD /* LaunchScreen.storyboard */,
				1903D4B71D7E9A7B006E7CAD /* Info.plist */,
				1903D4A61D7E9A7B006E7CAD /* Supporting Files */,
			);
			path = "AVFoundation-Video";
			sourceTree = "<group>";
		};
		1903D4A61D7E9A7B006E7CAD /* Supporting Files */ = {
			isa = PBXGroup;
			children = (
				1903D4A71D7E9A7B006E7CAD /* main.m */,
			);
			name = "Supporting Files";
			sourceTree = "<group>";
		};
		1903D4BF1D7E9A7B006E7CAD /* AVFoundation-VideoTests */ = {
			isa = PBXGroup;
			children = (
				1903D4C01D7E9A7B006E7CAD /* AVFoundation_VideoTests.m */,
				1903D4C21D7E9A7B006E7CAD /* Info.plist */,
			);
			path = "AVFoundation-VideoTests";
			sourceTree = "<group>";
		};
		1903D4CA1D7E9A7B006E7CAD /* AVFoundation-VideoUITests */ = {
			isa = PBXGroup;
			children = (
				1903D4CB1D7E9A7B006E7CAD /* AVFoundation_VideoUITests.m */,
				1903D4CD1D7E9A7B006E7CAD /* Info.plist */,
			);
			path = "AVFoundation-VideoUITests";
			sourceTree = "<group>";
		};
		1903D4DB1D7E9FC8006E7CAD /* VideoManager */ = {
			isa = PBXGroup;
			children = (
				1903D4E01D7E9FC8006E7CAD /* AVSyntheticVideoManager.h */,
				1903D4E11D7E9FC8006E7CAD /* AVSyntheticVideoManager.m */,
				1903D4DC1D7E9FC8006E7CAD /* AVAddWatermarkToVideo.h */,
				1903D4DD1D7E9FC8006E7CAD /* AVAddWatermarkToVideo.m */,
				1903D4DE1D7E9FC8006E7CAD /* AVMergeAndSaveVideo.h */,
				1903D4DF1D7E9FC8006E7CAD /* AVMergeAndSaveVideo.m */,
			);
			name = VideoManager;
			path = "AVFoundation-Video/VideoManager";
			sourceTree = "<group>";
		};
		1903D4E51D7EA7A7006E7CAD /* Resources */ = {
			isa = PBXGroup;
			children = (
				1903D4E61D7EA80C006E7CAD /* IMG_01.jpg */,
				1903D4E71D7EA80C006E7CAD /* IMG_02.jpg */,
				1903D4E81D7EA80C006E7CAD /* IMG_03.jpg */,
				1903D4E91D7EA80C006E7CAD /* IMG_04.jpg */,
				1903D4EA1D7EA80C006E7CAD /* IMG_05.jpg */,
				1903D4EB1D7EA80C006E7CAD /* IMG_06.jpg */,
				1903D4F21D7EA9CD006E7CAD /* firstPage.png */,
				1903D4F81D7EACD0006E7CAD /* watermark.jpeg */,
				1903D4F61D7EA9FE006E7CAD /* lastPage.png */,
			);
			name = Resources;
			path = "AVFoundation-Video/Resources";
			sourceTree = "<group>";
		};
/* End PBXGroup section */

/* Begin PBXNativeTarget section */
		1903D4A21D7E9A7B006E7CAD /* AVFoundation-Video */ = {
			isa = PBXNativeTarget;
			buildConfigurationList = 1903D4D01D7E9A7B006E7CAD /* Build configuration list for PBXNativeTarget "AVFoundation-Video" */;
			buildPhases = (
				1903D49F1D7E9A7B006E7CAD /* Sources */,
				1903D4A01D7E9A7B006E7CAD /* Frameworks */,
				1903D4A11D7E9A7B006E7CAD /* Resources */,
			);
			buildRules = (
			);
			dependencies = (
			);
			name = "AVFoundation-Video";
			productName = "AVFoundation-Video";
			productReference = 1903D4A31D7E9A7B006E7CAD /* AVFoundation-Video.app */;
			productType = "com.apple.product-type.application";
		};
		1903D4BB1D7E9A7B006E7CAD /* AVFoundation-VideoTests */ = {
			isa = PBXNativeTarget;
			buildConfigurationList = 1903D4D31D7E9A7B006E7CAD /* Build configuration list for PBXNativeTarget "AVFoundation-VideoTests" */;
			buildPhases = (
				1903D4B81D7E9A7B006E7CAD /* Sources */,
				1903D4B91D7E9A7B006E7CAD /* Frameworks */,
				1903D4BA1D7E9A7B006E7CAD /* Resources */,
			);
			buildRules = (
			);
			dependencies = (
				1903D4BE1D7E9A7B006E7CAD /* PBXTargetDependency */,
			);
			name = "AVFoundation-VideoTests";
			productName = "AVFoundation-VideoTests";
			productReference = 1903D4BC1D7E9A7B006E7CAD /* AVFoundation-VideoTests.xctest */;
			productType = "com.apple.product-type.bundle.unit-test";
		};
		1903D4C61D7E9A7B006E7CAD /* AVFoundation-VideoUITests */ = {
			isa = PBXNativeTarget;
			buildConfigurationList = 1903D4D61D7E9A7B006E7CAD /* Build configuration list for PBXNativeTarget "AVFoundation-VideoUITests" */;
			buildPhases = (
				1903D4C31D7E9A7B006E7CAD /* Sources */,
				1903D4C41D7E9A7B006E7CAD /* Frameworks */,
				1903D4C51D7E9A7B006E7CAD /* Resources */,
			);
			buildRules = (
			);
			dependencies = (
				1903D4C91D7E9A7B006E7CAD /* PBXTargetDependency */,
			);
			name = "AVFoundation-VideoUITests";
			productName = "AVFoundation-VideoUITests";
			productReference = 1903D4C71D7E9A7B006E7CAD /* AVFoundation-VideoUITests.xctest */;
			productType = "com.apple.product-type.bundle.ui-testing";
		};
/* End PBXNativeTarget section */

/* Begin PBXProject section */
		1903D49B1D7E9A7B006E7CAD /* Project object */ = {
			isa = PBXProject;
			attributes = {
				LastUpgradeCheck = 0730;
				ORGANIZATIONNAME = asha;
				TargetAttributes = {
					1903D4A21D7E9A7B006E7CAD = {
						CreatedOnToolsVersion = 7.3.1;
					};
					1903D4BB1D7E9A7B006E7CAD = {
						CreatedOnToolsVersion = 7.3.1;
						TestTargetID = 1903D4A21D7E9A7B006E7CAD;
					};
					1903D4C61D7E9A7B006E7CAD = {
						CreatedOnToolsVersion = 7.3.1;
						TestTargetID = 1903D4A21D7E9A7B006E7CAD;
					};
				};
			};
			buildConfigurationList = 1903D49E1D7E9A7B006E7CAD /* Build configuration list for PBXProject "AVFoundation-Video" */;
			compatibilityVersion = "Xcode 3.2";
			developmentRegion = English;
			hasScannedForEncodings = 0;
			knownRegions = (
				en,
				Base,
			);
			mainGroup = 1903D49A1D7E9A7B006E7CAD;
			productRefGroup = 1903D4A41D7E9A7B006E7CAD /* Products */;
			projectDirPath = "";
			projectRoot = "";
			targets = (
				1903D4A21D7E9A7B006E7CAD /* AVFoundation-Video */,
				1903D4BB1D7E9A7B006E7CAD /* AVFoundation-VideoTests */,
				1903D4C61D7E9A7B006E7CAD /* AVFoundation-VideoUITests */,
			);
		};
/* End PBXProject section */

/* Begin PBXResourcesBuildPhase section */
		1903D4A11D7E9A7B006E7CAD /* Resources */ = {
			isa = PBXResourcesBuildPhase;
			buildActionMask = 2147483647;
			files = (
				1903D4F71D7EA9FE006E7CAD /* lastPage.png in Resources */,
				1903D4EF1D7EA80C006E7CAD /* IMG_04.jpg in Resources */,
				1903D4F31D7EA9CD006E7CAD /* firstPage.png in Resources */,
				1903D4ED1D7EA80C006E7CAD /* IMG_02.jpg in Resources */,
				1903D4F01D7EA80C006E7CAD /* IMG_05.jpg in Resources */,
				1903D4B61D7E9A7B006E7CAD /* LaunchScreen.storyboard in Resources */,
				1903D4EE1D7EA80C006E7CAD /* IMG_03.jpg in Resources */,
				1903D4F91D7EACD0006E7CAD /* watermark.jpeg in Resources */,
				1903D4F11D7EA80C006E7CAD /* IMG_06.jpg in Resources */,
				1903D4B31D7E9A7B006E7CAD /* Assets.xcassets in Resources */,
				1903D4EC1D7EA80C006E7CAD /* IMG_01.jpg in Resources */,
				1903D4B11D7E9A7B006E7CAD /* Main.storyboard in Resources */,
			);
			runOnlyForDeploymentPostprocessing = 0;
		};
		1903D4BA1D7E9A7B006E7CAD /* Resources */ = {
			isa = PBXResourcesBuildPhase;
			buildActionMask = 2147483647;
			files = (
			);
			runOnlyForDeploymentPostprocessing = 0;
		};
		1903D4C51D7E9A7B006E7CAD /* Resources */ = {
			isa = PBXResourcesBuildPhase;
			buildActionMask = 2147483647;
			files = (
			);
			runOnlyForDeploymentPostprocessing = 0;
		};
/* End PBXResourcesBuildPhase section */

/* Begin PBXSourcesBuildPhase section */
		1903D49F1D7E9A7B006E7CAD /* Sources */ = {
			isa = PBXSourcesBuildPhase;
			buildActionMask = 2147483647;
			files = (
				1903D4AE1D7E9A7B006E7CAD /* ViewController.m in Sources */,
				1903D4E41D7E9FC8006E7CAD /* AVSyntheticVideoManager.m in Sources */,
				1903D4AB1D7E9A7B006E7CAD /* AppDelegate.m in Sources */,
				1903D4E31D7E9FC8006E7CAD /* AVMergeAndSaveVideo.m in Sources */,
				1903D4A81D7E9A7B006E7CAD /* main.m in Sources */,
				1903D4E21D7E9FC8006E7CAD /* AVAddWatermarkToVideo.m in Sources */,
			);
			runOnlyForDeploymentPostprocessing = 0;
		};
		1903D4B81D7E9A7B006E7CAD /* Sources */ = {
			isa = PBXSourcesBuildPhase;
			buildActionMask = 2147483647;
			files = (
				1903D4C11D7E9A7B006E7CAD /* AVFoundation_VideoTests.m in Sources */,
			);
			runOnlyForDeploymentPostprocessing = 0;
		};
		1903D4C31D7E9A7B006E7CAD /* Sources */ = {
			isa = PBXSourcesBuildPhase;
			buildActionMask = 2147483647;
			files = (
				1903D4CC1D7E9A7B006E7CAD /* AVFoundation_VideoUITests.m in Sources */,
			);
			runOnlyForDeploymentPostprocessing = 0;
		};
/* End PBXSourcesBuildPhase section */

/* Begin PBXTargetDependency section */
		1903D4BE1D7E9A7B006E7CAD /* PBXTargetDependency */ = {
			isa = PBXTargetDependency;
			target = 1903D4A21D7E9A7B006E7CAD /* AVFoundation-Video */;
			targetProxy = 1903D4BD1D7E9A7B006E7CAD /* PBXContainerItemProxy */;
		};
		1903D4C91D7E9A7B006E7CAD /* PBXTargetDependency */ = {
			isa = PBXTargetDependency;
			target = 1903D4A21D7E9A7B006E7CAD /* AVFoundation-Video */;
			targetProxy = 1903D4C81D7E9A7B006E7CAD /* PBXContainerItemProxy */;
		};
/* End PBXTargetDependency section */

/* Begin PBXVariantGroup section */
		1903D4AF1D7E9A7B006E7CAD /* Main.storyboard */ = {
			isa = PBXVariantGroup;
			children = (
				1903D4B01D7E9A7B006E7CAD /* Base */,
			);
			name = Main.storyboard;
			sourceTree = "<group>";
		};
		1903D4B41D7E9A7B006E7CAD /* LaunchScreen.storyboard */ = {
			isa = PBXVariantGroup;
			children = (
				1903D4B51D7E9A7B006E7CAD /* Base */,
			);
			name = LaunchScreen.storyboard;
			sourceTree = "<group>";
		};
/* End PBXVariantGroup section */

/* Begin XCBuildConfiguration section */
		1903D4CE1D7E9A7B006E7CAD /* Debug */ = {
			isa = XCBuildConfiguration;
			buildSettings = {
				ALWAYS_SEARCH_USER_PATHS = NO;
				CLANG_ANALYZER_NONNULL = YES;
				CLANG_CXX_LANGUAGE_STANDARD = "gnu++0x";
				CLANG_CXX_LIBRARY = "libc++";
				CLANG_ENABLE_MODULES = YES;
				CLANG_ENABLE_OBJC_ARC = YES;
				CLANG_WARN_BOOL_CONVERSION = YES;
				CLANG_WARN_CONSTANT_CONVERSION = YES;
				CLANG_WARN_DIRECT_OBJC_ISA_USAGE = YES_ERROR;
				CLANG_WARN_EMPTY_BODY = YES;
				CLANG_WARN_ENUM_CONVERSION = YES;
				CLANG_WARN_INT_CONVERSION = YES;
				CLANG_WARN_OBJC_ROOT_CLASS = YES_ERROR;
				CLANG_WARN_UNREACHABLE_CODE = YES;
				CLANG_WARN__DUPLICATE_METHOD_MATCH = YES;
				"CODE_SIGN_IDENTITY[sdk=iphoneos*]" = "iPhone Developer";
				COPY_PHASE_STRIP = NO;
				DEBUG_INFORMATION_FORMAT = dwarf;
				ENABLE_STRICT_OBJC_MSGSEND = YES;
				ENABLE_TESTABILITY = YES;
				GCC_C_LANGUAGE_STANDARD = gnu99;
				GCC_DYNAMIC_NO_PIC = NO;
				GCC_NO_COMMON_BLOCKS = YES;
				GCC_OPTIMIZATION_LEVEL = 0;
				GCC_PREPROCESSOR_DEFINITIONS = (
					"DEBUG=1",
					"$(inherited)",
				);
				GCC_WARN_64_TO_32_BIT_CONVERSION = YES;
				GCC_WARN_ABOUT_RETURN_TYPE = YES_ERROR;
				GCC_WARN_UNDECLARED_SELECTOR = YES;
				GCC_WARN_UNINITIALIZED_AUTOS = YES_AGGRESSIVE;
				GCC_WARN_UNUSED_FUNCTION = YES;
				GCC_WARN_UNUSED_VARIABLE = YES;
				IPHONEOS_DEPLOYMENT_TARGET = 9.3;
				MTL_ENABLE_DEBUG_INFO = YES;
				ONLY_ACTIVE_ARCH = YES;
				SDKROOT = iphoneos;
			};
			name = Debug;
		};
		1903D4CF1D7E9A7B006E7CAD /* Release */ = {
			isa = XCBuildConfiguration;
			buildSettings = {
				ALWAYS_SEARCH_USER_PATHS = NO;
				CLANG_ANALYZER_NONNULL = YES;
				CLANG_CXX_LANGUAGE_STANDARD = "gnu++0x";
				CLANG_CXX_LIBRARY = "libc++";
				CLANG_ENABLE_MODULES = YES;
				CLANG_ENABLE_OBJC_ARC = YES;
				CLANG_WARN_BOOL_CONVERSION = YES;
				CLANG_WARN_CONSTANT_CONVERSION = YES;
				CLANG_WARN_DIRECT_OBJC_ISA_USAGE = YES_ERROR;
				CLANG_WARN_EMPTY_BODY = YES;
				CLANG_WARN_ENUM_CONVERSION = YES;
				CLANG_WARN_INT_CONVERSION = YES;
				CLANG_WARN_OBJC_ROOT_CLASS = YES_ERROR;
				CLANG_WARN_UNREACHABLE_CODE = YES;
				CLANG_WARN__DUPLICATE_METHOD_MATCH = YES;
				"CODE_SIGN_IDENTITY[sdk=iphoneos*]" = "iPhone Developer";
				COPY_PHASE_STRIP = NO;
				DEBUG_INFORMATION_FORMAT = "dwarf-with-dsym";
				ENABLE_NS_ASSERTIONS = NO;
				ENABLE_STRICT_OBJC_MSGSEND = YES;
				GCC_C_LANGUAGE_STANDARD = gnu99;
				GCC_NO_COMMON_BLOCKS = YES;
				GCC_WARN_64_TO_32_BIT_CONVERSION = YES;
				GCC_WARN_ABOUT_RETURN_TYPE = YES_ERROR;
				GCC_WARN_UNDECLARED_SELECTOR = YES;
				GCC_WARN_UNINITIALIZED_AUTOS = YES_AGGRESSIVE;
				GCC_WARN_UNUSED_FUNCTION = YES;
				GCC_WARN_UNUSED_VARIABLE = YES;
				IPHONEOS_DEPLOYMENT_TARGET = 9.3;
				MTL_ENABLE_DEBUG_INFO = NO;
				SDKROOT = iphoneos;
				VALIDATE_PRODUCT = YES;
			};
			name = Release;
		};
		1903D4D11D7E9A7B006E7CAD /* Debug */ = {
			isa = XCBuildConfiguration;
			buildSettings = {
				ASSETCATALOG_COMPILER_APPICON_NAME = AppIcon;
				INFOPLIST_FILE = "AVFoundation-Video/Info.plist";
				LD_RUNPATH_SEARCH_PATHS = "$(inherited) @executable_path/Frameworks";
				PRODUCT_BUNDLE_IDENTIFIER = "tss.AVFoundation-Video";
				PRODUCT_NAME = "$(TARGET_NAME)";
			};
			name = Debug;
		};
		1903D4D21D7E9A7B006E7CAD /* Release */ = {
			isa = XCBuildConfiguration;
			buildSettings = {
				ASSETCATALOG_COMPILER_APPICON_NAME = AppIcon;
				INFOPLIST_FILE = "AVFoundation-Video/Info.plist";
				LD_RUNPATH_SEARCH_PATHS = "$(inherited) @executable_path/Frameworks";
				PRODUCT_BUNDLE_IDENTIFIER = "tss.AVFoundation-Video";
				PRODUCT_NAME = "$(TARGET_NAME)";
			};
			name = Release;
		};
		1903D4D41D7E9A7B006E7CAD /* Debug */ = {
			isa = XCBuildConfiguration;
			buildSettings = {
				BUNDLE_LOADER = "$(TEST_HOST)";
				INFOPLIST_FILE = "AVFoundation-VideoTests/Info.plist";
				LD_RUNPATH_SEARCH_PATHS = "$(inherited) @executable_path/Frameworks @loader_path/Frameworks";
				PRODUCT_BUNDLE_IDENTIFIER = "tss.AVFoundation-VideoTests";
				PRODUCT_NAME = "$(TARGET_NAME)";
				TEST_HOST = "$(BUILT_PRODUCTS_DIR)/AVFoundation-Video.app/AVFoundation-Video";
			};
			name = Debug;
		};
		1903D4D51D7E9A7B006E7CAD /* Release */ = {
			isa = XCBuildConfiguration;
			buildSettings = {
				BUNDLE_LOADER = "$(TEST_HOST)";
				INFOPLIST_FILE = "AVFoundation-VideoTests/Info.plist";
				LD_RUNPATH_SEARCH_PATHS = "$(inherited) @executable_path/Frameworks @loader_path/Frameworks";
				PRODUCT_BUNDLE_IDENTIFIER = "tss.AVFoundation-VideoTests";
				PRODUCT_NAME = "$(TARGET_NAME)";
				TEST_HOST = "$(BUILT_PRODUCTS_DIR)/AVFoundation-Video.app/AVFoundation-Video";
			};
			name = Release;
		};
		1903D4D71D7E9A7B006E7CAD /* Debug */ = {
			isa = XCBuildConfiguration;
			buildSettings = {
				INFOPLIST_FILE = "AVFoundation-VideoUITests/Info.plist";
				LD_RUNPATH_SEARCH_PATHS = "$(inherited) @executable_path/Frameworks @loader_path/Frameworks";
				PRODUCT_BUNDLE_IDENTIFIER = "tss.AVFoundation-VideoUITests";
				PRODUCT_NAME = "$(TARGET_NAME)";
				TEST_TARGET_NAME = "AVFoundation-Video";
			};
			name = Debug;
		};
		1903D4D81D7E9A7B006E7CAD /* Release */ = {
			isa = XCBuildConfiguration;
			buildSettings = {
				INFOPLIST_FILE = "AVFoundation-VideoUITests/Info.plist";
				LD_RUNPATH_SEARCH_PATHS = "$(inherited) @executable_path/Frameworks @loader_path/Frameworks";
				PRODUCT_BUNDLE_IDENTIFIER = "tss.AVFoundation-VideoUITests";
				PRODUCT_NAME = "$(TARGET_NAME)";
				TEST_TARGET_NAME = "AVFoundation-Video";
			};
			name = Release;
		};
/* End XCBuildConfiguration section */

/* Begin XCConfigurationList section */
		1903D49E1D7E9A7B006E7CAD /* Build configuration list for PBXProject "AVFoundation-Video" */ = {
			isa = XCConfigurationList;
			buildConfigurations = (
				1903D4CE1D7E9A7B006E7CAD /* Debug */,
				1903D4CF1D7E9A7B006E7CAD /* Release */,
			);
			defaultConfigurationIsVisible = 0;
			defaultConfigurationName = Release;
		};
		1903D4D01D7E9A7B006E7CAD /* Build configuration list for PBXNativeTarget "AVFoundation-Video" */ = {
			isa = XCConfigurationList;
			buildConfigurations = (
				1903D4D11D7E9A7B006E7CAD /* Debug */,
				1903D4D21D7E9A7B006E7CAD /* Release */,
			);
			defaultConfigurationIsVisible = 0;
			defaultConfigurationName = Release;
		};
		1903D4D31D7E9A7B006E7CAD /* Build configuration list for PBXNativeTarget "AVFoundation-VideoTests" */ = {
			isa = XCConfigurationList;
			buildConfigurations = (
				1903D4D41D7E9A7B006E7CAD /* Debug */,
				1903D4D51D7E9A7B006E7CAD /* Release */,
			);
			defaultConfigurationIsVisible = 0;
			defaultConfigurationName = Release;
		};
		1903D4D61D7E9A7B006E7CAD /* Build configuration list for PBXNativeTarget "AVFoundation-VideoUITests" */ = {
			isa = XCConfigurationList;
			buildConfigurations = (
				1903D4D71D7E9A7B006E7CAD /* Debug */,
				1903D4D81D7E9A7B006E7CAD /* Release */,
			);
			defaultConfigurationIsVisible = 0;
			defaultConfigurationName = Release;
		};
/* End XCConfigurationList section */
	};
	rootObject = 1903D49B1D7E9A7B006E7CAD /* Project object */;
}
